// !$*UTF8*$!
{
	archiveVersion = 1;
	classes = {
	};
	objectVersion = 46;
	objects = {

/* Begin PBXBuildFile section */
		11971D85998B76F9F4B7527E /* Pods.framework in Frameworks */ = {isa = PBXBuildFile; fileRef = 14C2D4C4C3C169D40F6800B9 /* Pods.framework */; settings = {ATTRIBUTES = (Weak, ); }; };
		3749A77B1A9F30AD0071F13F /* MainWindowController.swift in Sources */ = {isa = PBXBuildFile; fileRef = 3749A7791A9F30AD0071F13F /* MainWindowController.swift */; };
		3749A77C1A9F30AD0071F13F /* MainWindowController.xib in Resources */ = {isa = PBXBuildFile; fileRef = 3749A77A1A9F30AD0071F13F /* MainWindowController.xib */; };
		375544E01A990E9E009D63DE /* User.Service.swift in Sources */ = {isa = PBXBuildFile; fileRef = 375544DF1A990E9E009D63DE /* User.Service.swift */; };
		375544E21A990F8B009D63DE /* Base.Service.swift in Sources */ = {isa = PBXBuildFile; fileRef = 375544E11A990F8B009D63DE /* Base.Service.swift */; };
		3759AF461A995B0C0075765D /* MainMenu.xib in Resources */ = {isa = PBXBuildFile; fileRef = 3759AF451A995B0C0075765D /* MainMenu.xib */; };
		3763845C1A9CE55A003CC71C /* AppController.swift in Sources */ = {isa = PBXBuildFile; fileRef = 3763845B1A9CE55A003CC71C /* AppController.swift */; };
		376384601A9CE689003CC71C /* WebKit.framework in Frameworks */ = {isa = PBXBuildFile; fileRef = 3763845F1A9CE689003CC71C /* WebKit.framework */; };
		377B4B841A97D5EF0064AABD /* AppDelegate.swift in Sources */ = {isa = PBXBuildFile; fileRef = 377B4B831A97D5EF0064AABD /* AppDelegate.swift */; };
		377B4B861A97D5EF0064AABD /* Images.xcassets in Resources */ = {isa = PBXBuildFile; fileRef = 377B4B851A97D5EF0064AABD /* Images.xcassets */; };
		377B4B951A97D5F00064AABD /* TogglGoogleCalendarTests.swift in Sources */ = {isa = PBXBuildFile; fileRef = 377B4B941A97D5F00064AABD /* TogglGoogleCalendarTests.swift */; };
		37A34BCA1A9D16A80032AA83 /* GoogleCalendar.swift in Sources */ = {isa = PBXBuildFile; fileRef = 37A34BC91A9D16A80032AA83 /* GoogleCalendar.swift */; };
		37A34BCF1A9D1F170032AA83 /* Array.swift in Sources */ = {isa = PBXBuildFile; fileRef = 37A34BCE1A9D1F170032AA83 /* Array.swift */; };
		37A34BD21A9D38E50032AA83 /* Environment.swift in Sources */ = {isa = PBXBuildFile; fileRef = 37A34BD11A9D38E50032AA83 /* Environment.swift */; };
		37B5F06D1A9EA30E00D9AB03 /* GTL.framework in Frameworks */ = {isa = PBXBuildFile; fileRef = 37B5F06C1A9EA30E00D9AB03 /* GTL.framework */; };
		37B5F0701A9EA63900D9AB03 /* String.swift in Sources */ = {isa = PBXBuildFile; fileRef = 37B5F06F1A9EA63900D9AB03 /* String.swift */; };
		37E02B711A9CFCF6005E1044 /* GTLCalendar_Sources.m in Sources */ = {isa = PBXBuildFile; fileRef = 37E02B3B1A9CFCF6005E1044 /* GTLCalendar_Sources.m */; };
		37E3A99A1A990C0E00375DB5 /* User.swift in Sources */ = {isa = PBXBuildFile; fileRef = 37E3A9991A990C0E00375DB5 /* User.swift */; };
		37EF9E821A991308001EC5C4 /* Context.swift in Sources */ = {isa = PBXBuildFile; fileRef = 37EF9E811A991308001EC5C4 /* Context.swift */; };
/* End PBXBuildFile section */

/* Begin PBXContainerItemProxy section */
		377B4B8F1A97D5F00064AABD /* PBXContainerItemProxy */ = {
			isa = PBXContainerItemProxy;
			containerPortal = 377B4B761A97D5EF0064AABD /* Project object */;
			proxyType = 1;
			remoteGlobalIDString = 377B4B7D1A97D5EF0064AABD;
			remoteInfo = TogglGoogleCalendar;
		};
		378DBBE51A9F204900374419 /* PBXContainerItemProxy */ = {
			isa = PBXContainerItemProxy;
			containerPortal = 37B5F0581A9EA24200D9AB03 /* GTL.xcodeproj */;
			proxyType = 2;
			remoteGlobalIDString = 4F38F6A60B66E91D00B24B81;
			remoteInfo = GTLFramework;
		};
		378DBBE71A9F204900374419 /* PBXContainerItemProxy */ = {
			isa = PBXContainerItemProxy;
			containerPortal = 37B5F0581A9EA24200D9AB03 /* GTL.xcodeproj */;
			proxyType = 2;
			remoteGlobalIDString = 4F12027C11A4CA2F00BEB470;
			remoteInfo = GTLTouchStaticLib;
		};
		378DBBE91A9F204900374419 /* PBXContainerItemProxy */ = {
			isa = PBXContainerItemProxy;
			containerPortal = 37B5F0581A9EA24200D9AB03 /* GTL.xcodeproj */;
			proxyType = 2;
			remoteGlobalIDString = 4F12027D11A4CA2F00BEB470;
			remoteInfo = GTLUnitTests;
		};
		378DBBEB1A9F204900374419 /* PBXContainerItemProxy */ = {
			isa = PBXContainerItemProxy;
			containerPortal = 37B5F0581A9EA24200D9AB03 /* GTL.xcodeproj */;
			proxyType = 2;
			remoteGlobalIDString = 4F1AD9020B71603F00DC0485;
			remoteInfo = DevelopmentTestTool;
		};
/* End PBXContainerItemProxy section */

/* Begin PBXCopyFilesBuildPhase section */
		37E02B351A9CFC1D005E1044 /* Embed Frameworks */ = {
			isa = PBXCopyFilesBuildPhase;
			buildActionMask = 2147483647;
			dstPath = "";
			dstSubfolderSpec = 10;
			files = (
			);
			name = "Embed Frameworks";
			runOnlyForDeploymentPostprocessing = 0;
		};
/* End PBXCopyFilesBuildPhase section */

/* Begin PBXFileReference section */
		14C2D4C4C3C169D40F6800B9 /* Pods.framework */ = {isa = PBXFileReference; explicitFileType = wrapper.framework; includeInIndex = 0; path = Pods.framework; sourceTree = BUILT_PRODUCTS_DIR; };
		1FEE64CFD9EA69CA3A16D932 /* Pods.release.xcconfig */ = {isa = PBXFileReference; includeInIndex = 1; lastKnownFileType = text.xcconfig; name = Pods.release.xcconfig; path = "Pods/Target Support Files/Pods/Pods.release.xcconfig"; sourceTree = "<group>"; };
		3749A7791A9F30AD0071F13F /* MainWindowController.swift */ = {isa = PBXFileReference; fileEncoding = 4; lastKnownFileType = sourcecode.swift; name = MainWindowController.swift; path = ../MainWindowController.swift; sourceTree = "<group>"; };
		3749A77A1A9F30AD0071F13F /* MainWindowController.xib */ = {isa = PBXFileReference; fileEncoding = 4; lastKnownFileType = file.xib; name = MainWindowController.xib; path = ../MainWindowController.xib; sourceTree = "<group>"; };
		375544DF1A990E9E009D63DE /* User.Service.swift */ = {isa = PBXFileReference; fileEncoding = 4; lastKnownFileType = sourcecode.swift; path = User.Service.swift; sourceTree = "<group>"; };
		375544E11A990F8B009D63DE /* Base.Service.swift */ = {isa = PBXFileReference; fileEncoding = 4; lastKnownFileType = sourcecode.swift; path = Base.Service.swift; sourceTree = "<group>"; };
		3759AF451A995B0C0075765D /* MainMenu.xib */ = {isa = PBXFileReference; fileEncoding = 4; lastKnownFileType = file.xib; path = MainMenu.xib; sourceTree = "<group>"; };
		3763845B1A9CE55A003CC71C /* AppController.swift */ = {isa = PBXFileReference; fileEncoding = 4; lastKnownFileType = sourcecode.swift; path = AppController.swift; sourceTree = "<group>"; };
		3763845F1A9CE689003CC71C /* WebKit.framework */ = {isa = PBXFileReference; lastKnownFileType = wrapper.framework; name = WebKit.framework; path = System/Library/Frameworks/WebKit.framework; sourceTree = SDKROOT; };
		377B4B7E1A97D5EF0064AABD /* TogglGoogleCalendar.app */ = {isa = PBXFileReference; explicitFileType = wrapper.application; includeInIndex = 0; path = TogglGoogleCalendar.app; sourceTree = BUILT_PRODUCTS_DIR; };
		377B4B821A97D5EF0064AABD /* Info.plist */ = {isa = PBXFileReference; lastKnownFileType = text.plist.xml; path = Info.plist; sourceTree = "<group>"; };
		377B4B831A97D5EF0064AABD /* AppDelegate.swift */ = {isa = PBXFileReference; lastKnownFileType = sourcecode.swift; path = AppDelegate.swift; sourceTree = "<group>"; };
		377B4B851A97D5EF0064AABD /* Images.xcassets */ = {isa = PBXFileReference; lastKnownFileType = folder.assetcatalog; path = Images.xcassets; sourceTree = "<group>"; };
		377B4B8E1A97D5F00064AABD /* TogglGoogleCalendarTests.xctest */ = {isa = PBXFileReference; explicitFileType = wrapper.cfbundle; includeInIndex = 0; path = TogglGoogleCalendarTests.xctest; sourceTree = BUILT_PRODUCTS_DIR; };
		377B4B931A97D5F00064AABD /* Info.plist */ = {isa = PBXFileReference; lastKnownFileType = text.plist.xml; path = Info.plist; sourceTree = "<group>"; };
		377B4B941A97D5F00064AABD /* TogglGoogleCalendarTests.swift */ = {isa = PBXFileReference; lastKnownFileType = sourcecode.swift; path = TogglGoogleCalendarTests.swift; sourceTree = "<group>"; };
		37A34BC91A9D16A80032AA83 /* GoogleCalendar.swift */ = {isa = PBXFileReference; fileEncoding = 4; lastKnownFileType = sourcecode.swift; path = GoogleCalendar.swift; sourceTree = "<group>"; };
		37A34BCE1A9D1F170032AA83 /* Array.swift */ = {isa = PBXFileReference; fileEncoding = 4; lastKnownFileType = sourcecode.swift; name = Array.swift; path = ../Array.swift; sourceTree = "<group>"; };
		37A34BD11A9D38E50032AA83 /* Environment.swift */ = {isa = PBXFileReference; fileEncoding = 4; lastKnownFileType = sourcecode.swift; path = Environment.swift; sourceTree = "<group>"; };
		37A34BD31A9D422C0032AA83 /* Sandbox.playground */ = {isa = PBXFileReference; lastKnownFileType = file.playground; path = Sandbox.playground; sourceTree = "<group>"; };
		37B5F0581A9EA24200D9AB03 /* GTL.xcodeproj */ = {isa = PBXFileReference; lastKnownFileType = "wrapper.pb-project"; name = GTL.xcodeproj; path = ../Source/GTL.xcodeproj; sourceTree = "<group>"; };
		37B5F06C1A9EA30E00D9AB03 /* GTL.framework */ = {isa = PBXFileReference; lastKnownFileType = wrapper.framework; name = GTL.framework; path = "../../../../../Library/Developer/Xcode/DerivedData/TogglGoogleCalendar-grqzfjjijjhcejfyrkmosaqopgza/Build/Products/Debug/GTL.framework"; sourceTree = "<group>"; };
		37B5F06F1A9EA63900D9AB03 /* String.swift */ = {isa = PBXFileReference; fileEncoding = 4; lastKnownFileType = sourcecode.swift; name = String.swift; path = ../String.swift; sourceTree = "<group>"; };
		37E02B3B1A9CFCF6005E1044 /* GTLCalendar_Sources.m */ = {isa = PBXFileReference; fileEncoding = 4; lastKnownFileType = sourcecode.c.objc; path = GTLCalendar_Sources.m; sourceTree = "<group>"; };
		37E02B3C1A9CFCF6005E1044 /* GTLCalendar.h */ = {isa = PBXFileReference; fileEncoding = 4; lastKnownFileType = sourcecode.c.h; path = GTLCalendar.h; sourceTree = "<group>"; };
		37E3A9951A98FB0A00375DB5 /* TogglGoogleCalendar-Bridging-Header.h */ = {isa = PBXFileReference; lastKnownFileType = sourcecode.c.h; path = "TogglGoogleCalendar-Bridging-Header.h"; sourceTree = "<group>"; };
		37E3A9991A990C0E00375DB5 /* User.swift */ = {isa = PBXFileReference; fileEncoding = 4; lastKnownFileType = sourcecode.swift; path = User.swift; sourceTree = "<group>"; };
		37EF9E811A991308001EC5C4 /* Context.swift */ = {isa = PBXFileReference; fileEncoding = 4; lastKnownFileType = sourcecode.swift; path = Context.swift; sourceTree = "<group>"; };
		F8E51DFBC61DC89F122A7685 /* Pods.debug.xcconfig */ = {isa = PBXFileReference; includeInIndex = 1; lastKnownFileType = text.xcconfig; name = Pods.debug.xcconfig; path = "Pods/Target Support Files/Pods/Pods.debug.xcconfig"; sourceTree = "<group>"; };
/* End PBXFileReference section */

/* Begin PBXFrameworksBuildPhase section */
		377B4B7B1A97D5EF0064AABD /* Frameworks */ = {
			isa = PBXFrameworksBuildPhase;
			buildActionMask = 2147483647;
			files = (
				37B5F06D1A9EA30E00D9AB03 /* GTL.framework in Frameworks */,
				376384601A9CE689003CC71C /* WebKit.framework in Frameworks */,
				11971D85998B76F9F4B7527E /* Pods.framework in Frameworks */,
			);
			runOnlyForDeploymentPostprocessing = 0;
		};
		377B4B8B1A97D5F00064AABD /* Frameworks */ = {
			isa = PBXFrameworksBuildPhase;
			buildActionMask = 2147483647;
			files = (
			);
			runOnlyForDeploymentPostprocessing = 0;
		};
/* End PBXFrameworksBuildPhase section */

/* Begin PBXGroup section */
		0BF54687DBD269427EEBFB7F /* Pods */ = {
			isa = PBXGroup;
			children = (
				F8E51DFBC61DC89F122A7685 /* Pods.debug.xcconfig */,
				1FEE64CFD9EA69CA3A16D932 /* Pods.release.xcconfig */,
			);
			name = Pods;
			sourceTree = "<group>";
		};
		375544DE1A990E78009D63DE /* Services */ = {
			isa = PBXGroup;
			children = (
				375544DF1A990E9E009D63DE /* User.Service.swift */,
				375544E11A990F8B009D63DE /* Base.Service.swift */,
			);
			path = Services;
			sourceTree = "<group>";
		};
		376384321A9CCAA8003CC71C /* oauth-source */ = {
			isa = PBXGroup;
			children = (
			);
			name = "oauth-source";
			sourceTree = "<group>";
		};
		377B4B751A97D5EF0064AABD = {
			isa = PBXGroup;
			children = (
				37B5F0581A9EA24200D9AB03 /* GTL.xcodeproj */,
				377B4B801A97D5EF0064AABD /* TogglGoogleCalendar */,
				377B4B911A97D5F00064AABD /* TogglGoogleCalendarTests */,
				377B4B7F1A97D5EF0064AABD /* Products */,
				0BF54687DBD269427EEBFB7F /* Pods */,
				71A0CE23CF5FCD6C83F539C2 /* Frameworks */,
			);
			sourceTree = "<group>";
		};
		377B4B7F1A97D5EF0064AABD /* Products */ = {
			isa = PBXGroup;
			children = (
				377B4B7E1A97D5EF0064AABD /* TogglGoogleCalendar.app */,
				377B4B8E1A97D5F00064AABD /* TogglGoogleCalendarTests.xctest */,
			);
			name = Products;
			sourceTree = "<group>";
		};
		377B4B801A97D5EF0064AABD /* TogglGoogleCalendar */ = {
			isa = PBXGroup;
			children = (
				37B5F0711A9EA7D900D9AB03 /* Extensions */,
				37A34BD01A9D38BF0032AA83 /* Utils */,
				37E02B3A1A9CFCE5005E1044 /* GoogleCalendarService */,
				376384321A9CCAA8003CC71C /* oauth-source */,
				375544DE1A990E78009D63DE /* Services */,
				37E3A9981A990BEA00375DB5 /* Models */,
				377B4B831A97D5EF0064AABD /* AppDelegate.swift */,
				377B4B851A97D5EF0064AABD /* Images.xcassets */,
				3759AF451A995B0C0075765D /* MainMenu.xib */,
				37A34BD31A9D422C0032AA83 /* Sandbox.playground */,
				377B4B811A97D5EF0064AABD /* Supporting Files */,
				37E3A9951A98FB0A00375DB5 /* TogglGoogleCalendar-Bridging-Header.h */,
				37EF9E811A991308001EC5C4 /* Context.swift */,
				3763845B1A9CE55A003CC71C /* AppController.swift */,
				3749A7791A9F30AD0071F13F /* MainWindowController.swift */,
				3749A77A1A9F30AD0071F13F /* MainWindowController.xib */,
			);
			path = TogglGoogleCalendar;
			sourceTree = "<group>";
		};
		377B4B811A97D5EF0064AABD /* Supporting Files */ = {
			isa = PBXGroup;
			children = (
				377B4B821A97D5EF0064AABD /* Info.plist */,
			);
			name = "Supporting Files";
			sourceTree = "<group>";
		};
		377B4B911A97D5F00064AABD /* TogglGoogleCalendarTests */ = {
			isa = PBXGroup;
			children = (
				377B4B941A97D5F00064AABD /* TogglGoogleCalendarTests.swift */,
				377B4B921A97D5F00064AABD /* Supporting Files */,
			);
			path = TogglGoogleCalendarTests;
			sourceTree = "<group>";
		};
		377B4B921A97D5F00064AABD /* Supporting Files */ = {
			isa = PBXGroup;
			children = (
				377B4B931A97D5F00064AABD /* Info.plist */,
			);
			name = "Supporting Files";
			sourceTree = "<group>";
		};
		378DBBDF1A9F204900374419 /* Products */ = {
			isa = PBXGroup;
			children = (
				378DBBE61A9F204900374419 /* GTL.framework */,
				378DBBE81A9F204900374419 /* libGTLTouchStaticLib.a */,
				378DBBEA1A9F204900374419 /* GTLUnitTests.xctest */,
				378DBBEC1A9F204900374419 /* DevelopmentTestTool */,
			);
			name = Products;
			sourceTree = "<group>";
		};
		37A34BD01A9D38BF0032AA83 /* Utils */ = {
			isa = PBXGroup;
			children = (
				37A34BD11A9D38E50032AA83 /* Environment.swift */,
			);
			path = Utils;
			sourceTree = "<group>";
		};
		37B5F0711A9EA7D900D9AB03 /* Extensions */ = {
			isa = PBXGroup;
			children = (
				37A34BCE1A9D1F170032AA83 /* Array.swift */,
				37B5F06F1A9EA63900D9AB03 /* String.swift */,
			);
			path = Extensions;
			sourceTree = "<group>";
		};
		37E02B3A1A9CFCE5005E1044 /* GoogleCalendarService */ = {
			isa = PBXGroup;
			children = (
				37E02B3B1A9CFCF6005E1044 /* GTLCalendar_Sources.m */,
				37E02B3C1A9CFCF6005E1044 /* GTLCalendar.h */,
			);
			name = GoogleCalendarService;
			sourceTree = "<group>";
		};
		37E3A9981A990BEA00375DB5 /* Models */ = {
			isa = PBXGroup;
			children = (
				37E3A9991A990C0E00375DB5 /* User.swift */,
				37A34BC91A9D16A80032AA83 /* GoogleCalendar.swift */,
			);
			path = Models;
			sourceTree = "<group>";
		};
		71A0CE23CF5FCD6C83F539C2 /* Frameworks */ = {
			isa = PBXGroup;
			children = (
				37B5F06C1A9EA30E00D9AB03 /* GTL.framework */,
				3763845F1A9CE689003CC71C /* WebKit.framework */,
				14C2D4C4C3C169D40F6800B9 /* Pods.framework */,
			);
			name = Frameworks;
			sourceTree = "<group>";
		};
/* End PBXGroup section */

/* Begin PBXNativeTarget section */
		377B4B7D1A97D5EF0064AABD /* TogglGoogleCalendar */ = {
			isa = PBXNativeTarget;
			buildConfigurationList = 377B4B981A97D5F00064AABD /* Build configuration list for PBXNativeTarget "TogglGoogleCalendar" */;
			buildPhases = (
				EDF47B97505DD98166762416 /* Check Pods Manifest.lock */,
				377B4B7A1A97D5EF0064AABD /* Sources */,
				377B4B7B1A97D5EF0064AABD /* Frameworks */,
				377B4B7C1A97D5EF0064AABD /* Resources */,
				580EBB47571D9DEC99C01947 /* Copy Pods Resources */,
				A6EA58F56FFD2CA6FA5C868D /* Embed Pods Frameworks */,
				37E02B351A9CFC1D005E1044 /* Embed Frameworks */,
			);
			buildRules = (
			);
			dependencies = (
			);
			name = TogglGoogleCalendar;
			productName = TogglGoogleCalendar;
			productReference = 377B4B7E1A97D5EF0064AABD /* TogglGoogleCalendar.app */;
			productType = "com.apple.product-type.application";
		};
		377B4B8D1A97D5F00064AABD /* TogglGoogleCalendarTests */ = {
			isa = PBXNativeTarget;
			buildConfigurationList = 377B4B9B1A97D5F00064AABD /* Build configuration list for PBXNativeTarget "TogglGoogleCalendarTests" */;
			buildPhases = (
				377B4B8A1A97D5F00064AABD /* Sources */,
				377B4B8B1A97D5F00064AABD /* Frameworks */,
				377B4B8C1A97D5F00064AABD /* Resources */,
			);
			buildRules = (
			);
			dependencies = (
				377B4B901A97D5F00064AABD /* PBXTargetDependency */,
			);
			name = TogglGoogleCalendarTests;
			productName = TogglGoogleCalendarTests;
			productReference = 377B4B8E1A97D5F00064AABD /* TogglGoogleCalendarTests.xctest */;
			productType = "com.apple.product-type.bundle.unit-test";
		};
/* End PBXNativeTarget section */

/* Begin PBXProject section */
		377B4B761A97D5EF0064AABD /* Project object */ = {
			isa = PBXProject;
			attributes = {
				LastUpgradeCheck = 0610;
				ORGANIZATIONNAME = "Nicolas Besnard";
				TargetAttributes = {
					377B4B7D1A97D5EF0064AABD = {
						CreatedOnToolsVersion = 6.1.1;
					};
					377B4B8D1A97D5F00064AABD = {
						CreatedOnToolsVersion = 6.1.1;
						TestTargetID = 377B4B7D1A97D5EF0064AABD;
					};
				};
			};
			buildConfigurationList = 377B4B791A97D5EF0064AABD /* Build configuration list for PBXProject "TogglGoogleCalendar" */;
			compatibilityVersion = "Xcode 3.2";
			developmentRegion = English;
			hasScannedForEncodings = 0;
			knownRegions = (
				en,
				Base,
			);
			mainGroup = 377B4B751A97D5EF0064AABD;
			productRefGroup = 377B4B7F1A97D5EF0064AABD /* Products */;
			projectDirPath = "";
			projectReferences = (
				{
					ProductGroup = 378DBBDF1A9F204900374419 /* Products */;
					ProjectRef = 37B5F0581A9EA24200D9AB03 /* GTL.xcodeproj */;
				},
			);
			projectRoot = "";
			targets = (
				377B4B7D1A97D5EF0064AABD /* TogglGoogleCalendar */,
				377B4B8D1A97D5F00064AABD /* TogglGoogleCalendarTests */,
			);
		};
/* End PBXProject section */

/* Begin PBXReferenceProxy section */
		378DBBE61A9F204900374419 /* GTL.framework */ = {
			isa = PBXReferenceProxy;
			fileType = wrapper.framework;
			path = GTL.framework;
			remoteRef = 378DBBE51A9F204900374419 /* PBXContainerItemProxy */;
			sourceTree = BUILT_PRODUCTS_DIR;
		};
		378DBBE81A9F204900374419 /* libGTLTouchStaticLib.a */ = {
			isa = PBXReferenceProxy;
			fileType = archive.ar;
			path = libGTLTouchStaticLib.a;
			remoteRef = 378DBBE71A9F204900374419 /* PBXContainerItemProxy */;
			sourceTree = BUILT_PRODUCTS_DIR;
		};
		378DBBEA1A9F204900374419 /* GTLUnitTests.xctest */ = {
			isa = PBXReferenceProxy;
			fileType = wrapper.cfbundle;
			path = GTLUnitTests.xctest;
			remoteRef = 378DBBE91A9F204900374419 /* PBXContainerItemProxy */;
			sourceTree = BUILT_PRODUCTS_DIR;
		};
		378DBBEC1A9F204900374419 /* DevelopmentTestTool */ = {
			isa = PBXReferenceProxy;
			fileType = "compiled.mach-o.executable";
			path = DevelopmentTestTool;
			remoteRef = 378DBBEB1A9F204900374419 /* PBXContainerItemProxy */;
			sourceTree = BUILT_PRODUCTS_DIR;
		};
/* End PBXReferenceProxy section */

/* Begin PBXResourcesBuildPhase section */
		377B4B7C1A97D5EF0064AABD /* Resources */ = {
			isa = PBXResourcesBuildPhase;
			buildActionMask = 2147483647;
			files = (
				377B4B861A97D5EF0064AABD /* Images.xcassets in Resources */,
				3749A77C1A9F30AD0071F13F /* MainWindowController.xib in Resources */,
				3759AF461A995B0C0075765D /* MainMenu.xib in Resources */,
			);
			runOnlyForDeploymentPostprocessing = 0;
		};
		377B4B8C1A97D5F00064AABD /* Resources */ = {
			isa = PBXResourcesBuildPhase;
			buildActionMask = 2147483647;
			files = (
			);
			runOnlyForDeploymentPostprocessing = 0;
		};
/* End PBXResourcesBuildPhase section */

/* Begin PBXShellScriptBuildPhase section */
		580EBB47571D9DEC99C01947 /* Copy Pods Resources */ = {
			isa = PBXShellScriptBuildPhase;
			buildActionMask = 2147483647;
			files = (
			);
			inputPaths = (
			);
			name = "Copy Pods Resources";
			outputPaths = (
			);
			runOnlyForDeploymentPostprocessing = 0;
			shellPath = /bin/sh;
			shellScript = "\"${SRCROOT}/Pods/Target Support Files/Pods/Pods-resources.sh\"\n";
			showEnvVarsInLog = 0;
		};
		A6EA58F56FFD2CA6FA5C868D /* Embed Pods Frameworks */ = {
			isa = PBXShellScriptBuildPhase;
			buildActionMask = 2147483647;
			files = (
			);
			inputPaths = (
			);
			name = "Embed Pods Frameworks";
			outputPaths = (
			);
			runOnlyForDeploymentPostprocessing = 0;
			shellPath = /bin/sh;
			shellScript = "\"${SRCROOT}/Pods/Target Support Files/Pods/Pods-frameworks.sh\"\n";
			showEnvVarsInLog = 0;
		};
		EDF47B97505DD98166762416 /* Check Pods Manifest.lock */ = {
			isa = PBXShellScriptBuildPhase;
			buildActionMask = 2147483647;
			files = (
			);
			inputPaths = (
			);
			name = "Check Pods Manifest.lock";
			outputPaths = (
			);
			runOnlyForDeploymentPostprocessing = 0;
			shellPath = /bin/sh;
			shellScript = "diff \"${PODS_ROOT}/../Podfile.lock\" \"${PODS_ROOT}/Manifest.lock\" > /dev/null\nif [[ $? != 0 ]] ; then\n    cat << EOM\nerror: The sandbox is not in sync with the Podfile.lock. Run 'pod install' or update your CocoaPods installation.\nEOM\n    exit 1\nfi\n";
			showEnvVarsInLog = 0;
		};
/* End PBXShellScriptBuildPhase section */

/* Begin PBXSourcesBuildPhase section */
		377B4B7A1A97D5EF0064AABD /* Sources */ = {
			isa = PBXSourcesBuildPhase;
			buildActionMask = 2147483647;
			files = (
				37E3A99A1A990C0E00375DB5 /* User.swift in Sources */,
				37B5F0701A9EA63900D9AB03 /* String.swift in Sources */,
				3749A77B1A9F30AD0071F13F /* MainWindowController.swift in Sources */,
				37A34BD21A9D38E50032AA83 /* Environment.swift in Sources */,
				37E02B711A9CFCF6005E1044 /* GTLCalendar_Sources.m in Sources */,
				377B4B841A97D5EF0064AABD /* AppDelegate.swift in Sources */,
				375544E01A990E9E009D63DE /* User.Service.swift in Sources */,
				37EF9E821A991308001EC5C4 /* Context.swift in Sources */,
				3763845C1A9CE55A003CC71C /* AppController.swift in Sources */,
				37A34BCF1A9D1F170032AA83 /* Array.swift in Sources */,
				375544E21A990F8B009D63DE /* Base.Service.swift in Sources */,
				37A34BCA1A9D16A80032AA83 /* GoogleCalendar.swift in Sources */,
			);
			runOnlyForDeploymentPostprocessing = 0;
		};
		377B4B8A1A97D5F00064AABD /* Sources */ = {
			isa = PBXSourcesBuildPhase;
			buildActionMask = 2147483647;
			files = (
				377B4B951A97D5F00064AABD /* TogglGoogleCalendarTests.swift in Sources */,
			);
			runOnlyForDeploymentPostprocessing = 0;
		};
/* End PBXSourcesBuildPhase section */

/* Begin PBXTargetDependency section */
		377B4B901A97D5F00064AABD /* PBXTargetDependency */ = {
			isa = PBXTargetDependency;
			target = 377B4B7D1A97D5EF0064AABD /* TogglGoogleCalendar */;
			targetProxy = 377B4B8F1A97D5F00064AABD /* PBXContainerItemProxy */;
		};
/* End PBXTargetDependency section */

/* Begin XCBuildConfiguration section */
		377B4B961A97D5F00064AABD /* Debug */ = {
			isa = XCBuildConfiguration;
			buildSettings = {
				ALWAYS_SEARCH_USER_PATHS = NO;
				CLANG_CXX_LANGUAGE_STANDARD = "gnu++0x";
				CLANG_CXX_LIBRARY = "libc++";
				CLANG_ENABLE_MODULES = YES;
				CLANG_ENABLE_OBJC_ARC = YES;
				CLANG_WARN_BOOL_CONVERSION = YES;
				CLANG_WARN_CONSTANT_CONVERSION = YES;
				CLANG_WARN_DIRECT_OBJC_ISA_USAGE = YES_ERROR;
				CLANG_WARN_EMPTY_BODY = YES;
				CLANG_WARN_ENUM_CONVERSION = YES;
				CLANG_WARN_INT_CONVERSION = YES;
				CLANG_WARN_OBJC_ROOT_CLASS = YES_ERROR;
				CLANG_WARN_UNREACHABLE_CODE = YES;
				CLANG_WARN__DUPLICATE_METHOD_MATCH = YES;
				CODE_SIGN_IDENTITY = "-";
				COPY_PHASE_STRIP = NO;
				ENABLE_STRICT_OBJC_MSGSEND = YES;
				GCC_C_LANGUAGE_STANDARD = gnu99;
				GCC_DYNAMIC_NO_PIC = NO;
				GCC_OPTIMIZATION_LEVEL = 0;
				GCC_PREPROCESSOR_DEFINITIONS = (
					"DEBUG=1",
					"$(inherited)",
				);
				GCC_SYMBOLS_PRIVATE_EXTERN = NO;
				GCC_WARN_64_TO_32_BIT_CONVERSION = YES;
				GCC_WARN_ABOUT_RETURN_TYPE = YES_ERROR;
				GCC_WARN_UNDECLARED_SELECTOR = YES;
				GCC_WARN_UNINITIALIZED_AUTOS = YES_AGGRESSIVE;
				GCC_WARN_UNUSED_FUNCTION = YES;
				GCC_WARN_UNUSED_VARIABLE = YES;
				MACOSX_DEPLOYMENT_TARGET = 10.10;
				MTL_ENABLE_DEBUG_INFO = YES;
				ONLY_ACTIVE_ARCH = YES;
				SDKROOT = macosx;
				SWIFT_OPTIMIZATION_LEVEL = "-Onone";
			};
			name = Debug;
		};
		377B4B971A97D5F00064AABD /* Release */ = {
			isa = XCBuildConfiguration;
			buildSettings = {
				ALWAYS_SEARCH_USER_PATHS = NO;
				CLANG_CXX_LANGUAGE_STANDARD = "gnu++0x";
				CLANG_CXX_LIBRARY = "libc++";
				CLANG_ENABLE_MODULES = YES;
				CLANG_ENABLE_OBJC_ARC = YES;
				CLANG_WARN_BOOL_CONVERSION = YES;
				CLANG_WARN_CONSTANT_CONVERSION = YES;
				CLANG_WARN_DIRECT_OBJC_ISA_USAGE = YES_ERROR;
				CLANG_WARN_EMPTY_BODY = YES;
				CLANG_WARN_ENUM_CONVERSION = YES;
				CLANG_WARN_INT_CONVERSION = YES;
				CLANG_WARN_OBJC_ROOT_CLASS = YES_ERROR;
				CLANG_WARN_UNREACHABLE_CODE = YES;
				CLANG_WARN__DUPLICATE_METHOD_MATCH = YES;
				CODE_SIGN_IDENTITY = "-";
				COPY_PHASE_STRIP = YES;
				DEBUG_INFORMATION_FORMAT = "dwarf-with-dsym";
				ENABLE_NS_ASSERTIONS = NO;
				ENABLE_STRICT_OBJC_MSGSEND = YES;
				GCC_C_LANGUAGE_STANDARD = gnu99;
				GCC_WARN_64_TO_32_BIT_CONVERSION = YES;
				GCC_WARN_ABOUT_RETURN_TYPE = YES_ERROR;
				GCC_WARN_UNDECLARED_SELECTOR = YES;
				GCC_WARN_UNINITIALIZED_AUTOS = YES_AGGRESSIVE;
				GCC_WARN_UNUSED_FUNCTION = YES;
				GCC_WARN_UNUSED_VARIABLE = YES;
				MACOSX_DEPLOYMENT_TARGET = 10.10;
				MTL_ENABLE_DEBUG_INFO = NO;
				SDKROOT = macosx;
			};
			name = Release;
		};
		377B4B991A97D5F00064AABD /* Debug */ = {
			isa = XCBuildConfiguration;
			baseConfigurationReference = F8E51DFBC61DC89F122A7685 /* Pods.debug.xcconfig */;
			buildSettings = {
				ASSETCATALOG_COMPILER_APPICON_NAME = AppIcon;
				CLANG_ENABLE_MODULES = YES;
				COMBINE_HIDPI_IMAGES = YES;
				FRAMEWORK_SEARCH_PATHS = (
					"$(inherited)",
					"$(USER_LIBRARY_DIR)/Developer/Xcode/DerivedData/TogglGoogleCalendar-grqzfjjijjhcejfyrkmosaqopgza/Build/Products/Debug",
				);
				GCC_PREPROCESSOR_DEFINITIONS = (
					"$(inherited)",
					"COCOAPODS=1",
					"DGTL_BUILT_AS_FRAMEWORK=1",
					"GTL_BUILT_AS_FRAMEWORK=1",
				);
				HEADER_SEARCH_PATHS = (
					"$(inherited)",
					/Applications/Xcode.app/Contents/Developer/Toolchains/XcodeDefault.xctoolchain/usr/include,
					"/Users/nicolas/Documents/gtm-oauth2-read-only/**",
				);
				INFOPLIST_FILE = TogglGoogleCalendar/Info.plist;
				LD_RUNPATH_SEARCH_PATHS = "$(inherited) @executable_path/../Frameworks";
				PRODUCT_NAME = "$(TARGET_NAME)";
				SWIFT_OBJC_BRIDGING_HEADER = "TogglGoogleCalendar/TogglGoogleCalendar-Bridging-Header.h";
				SWIFT_OPTIMIZATION_LEVEL = "-Onone";
			};
			name = Debug;
		};
		377B4B9A1A97D5F00064AABD /* Release */ = {
			isa = XCBuildConfiguration;
			baseConfigurationReference = 1FEE64CFD9EA69CA3A16D932 /* Pods.release.xcconfig */;
			buildSettings = {
				ASSETCATALOG_COMPILER_APPICON_NAME = AppIcon;
				CLANG_ENABLE_MODULES = YES;
				COMBINE_HIDPI_IMAGES = YES;
				FRAMEWORK_SEARCH_PATHS = (
					"$(inherited)",
					"$(USER_LIBRARY_DIR)/Developer/Xcode/DerivedData/TogglGoogleCalendar-grqzfjjijjhcejfyrkmosaqopgza/Build/Products/Debug",
				);
				GCC_PREPROCESSOR_DEFINITIONS = (
					"$(inherited)",
					"COCOAPODS=1",
					"DGTL_BUILT_AS_FRAMEWORK=1",
					"GTL_BUILT_AS_FRAMEWORK=1",
				);
				HEADER_SEARCH_PATHS = (
					"$(inherited)",
					/Applications/Xcode.app/Contents/Developer/Toolchains/XcodeDefault.xctoolchain/usr/include,
					"/Users/nicolas/Documents/gtm-oauth2-read-only/**",
				);
				INFOPLIST_FILE = TogglGoogleCalendar/Info.plist;
				LD_RUNPATH_SEARCH_PATHS = "$(inherited) @executable_path/../Frameworks";
				PRODUCT_NAME = "$(TARGET_NAME)";
				SWIFT_OBJC_BRIDGING_HEADER = "TogglGoogleCalendar/TogglGoogleCalendar-Bridging-Header.h";
			};
			name = Release;
		};
		377B4B9C1A97D5F00064AABD /* Debug */ = {
			isa = XCBuildConfiguration;
			buildSettings = {
				BUNDLE_LOADER = "$(TEST_HOST)";
				COMBINE_HIDPI_IMAGES = YES;
				FRAMEWORK_SEARCH_PATHS = (
					"$(DEVELOPER_FRAMEWORKS_DIR)",
					"$(inherited)",
				);
				GCC_PREPROCESSOR_DEFINITIONS = (
					"DEBUG=1",
					"$(inherited)",
				);
				INFOPLIST_FILE = TogglGoogleCalendarTests/Info.plist;
				LD_RUNPATH_SEARCH_PATHS = "$(inherited) @executable_path/../Frameworks @loader_path/../Frameworks";
				PRODUCT_NAME = "$(TARGET_NAME)";
				TEST_HOST = "$(BUILT_PRODUCTS_DIR)/TogglGoogleCalendar.app/Contents/MacOS/TogglGoogleCalendar";
			};
			name = Debug;
		};
		377B4B9D1A97D5F00064AABD /* Release */ = {
			isa = XCBuildConfiguration;
			buildSettings = {
				BUNDLE_LOADER = "$(TEST_HOST)";
				COMBINE_HIDPI_IMAGES = YES;
				FRAMEWORK_SEARCH_PATHS = (
					"$(DEVELOPER_FRAMEWORKS_DIR)",
					"$(inherited)",
				);
				INFOPLIST_FILE = TogglGoogleCalendarTests/Info.plist;
				LD_RUNPATH_SEARCH_PATHS = "$(inherited) @executable_path/../Frameworks @loader_path/../Frameworks";
				PRODUCT_NAME = "$(TARGET_NAME)";
				TEST_HOST = "$(BUILT_PRODUCTS_DIR)/TogglGoogleCalendar.app/Contents/MacOS/TogglGoogleCalendar";
			};
			name = Release;
		};
/* End XCBuildConfiguration section */

/* Begin XCConfigurationList section */
		377B4B791A97D5EF0064AABD /* Build configuration list for PBXProject "TogglGoogleCalendar" */ = {
			isa = XCConfigurationList;
			buildConfigurations = (
				377B4B961A97D5F00064AABD /* Debug */,
				377B4B971A97D5F00064AABD /* Release */,
			);
			defaultConfigurationIsVisible = 0;
			defaultConfigurationName = Release;
		};
		377B4B981A97D5F00064AABD /* Build configuration list for PBXNativeTarget "TogglGoogleCalendar" */ = {
			isa = XCConfigurationList;
			buildConfigurations = (
				377B4B991A97D5F00064AABD /* Debug */,
				377B4B9A1A97D5F00064AABD /* Release */,
			);
			defaultConfigurationIsVisible = 0;
			defaultConfigurationName = Release;
		};
		377B4B9B1A97D5F00064AABD /* Build configuration list for PBXNativeTarget "TogglGoogleCalendarTests" */ = {
			isa = XCConfigurationList;
			buildConfigurations = (
				377B4B9C1A97D5F00064AABD /* Debug */,
				377B4B9D1A97D5F00064AABD /* Release */,
			);
			defaultConfigurationIsVisible = 0;
			defaultConfigurationName = Release;
		};
/* End XCConfigurationList section */
	};
	rootObject = 377B4B761A97D5EF0064AABD /* Project object */;
}
